
Microsoft Visual Studio Solution File, Format Version 12.00
# Visual Studio 2017
Project("{FAE04EC0-301F-11D3-BF4B-00C04F79EFBC}") = "IT490game", "IT490game.csproj", "{CA194855-02BF-39C2-2EEE-08F5EF7ABFA7}"
EndProject
Project("{FAE04EC0-301F-11D3-BF4B-00C04F79EFBC}") = "IT490game", "IT490game.csproj", "{CA194855-02BF-39C2-2EEE-08F5EF7ABFA7}"
EndProject
Project("{FAE04EC0-301F-11D3-BF4B-00C04F79EFBC}") = "IT490game", "IT490game.csproj", "{CA194855-02BF-39C2-2EEE-08F5EF7ABFA7}"
EndProject
Project("{FAE04EC0-301F-11D3-BF4B-00C04F79EFBC}") = "IT490game", "IT490game.csproj", "{CA194855-02BF-39C2-2EEE-08F5EF7ABFA7}"
EndProject
Project("{FAE04EC0-301F-11D3-BF4B-00C04F79EFBC}") = "IT490game", "IT490game.csproj", "{CA194855-02BF-39C2-2EEE-08F5EF7ABFA7}"
EndProject
Project("{FAE04EC0-301F-11D3-BF4B-00C04F79EFBC}") = "IT490game", "IT490game.csproj", "{CA194855-02BF-39C2-2EEE-08F5EF7ABFA7}"
EndProject
Project("{FAE04EC0-301F-11D3-BF4B-00C04F79EFBC}") = "IT490game.Editor", "IT490game.Editor.csproj", "{0FC7E310-8276-75FB-F16F-8A663C7625CB}"
EndProject
Project("{FAE04EC0-301F-11D3-BF4B-00C04F79EFBC}") = "IT490game.Editor", "IT490game.Editor.csproj", "{0FC7E310-8276-75FB-F16F-8A663C7625CB}"
EndProject
Project("{FAE04EC0-301F-11D3-BF4B-00C04F79EFBC}") = "IT490game.Editor", "IT490game.Editor.csproj", "{0FC7E310-8276-75FB-F16F-8A663C7625CB}"
EndProject
Project("{FAE04EC0-301F-11D3-BF4B-00C04F79EFBC}") = "IT490game.Editor", "IT490game.Editor.csproj", "{0FC7E310-8276-75FB-F16F-8A663C7625CB}"
EndProject
Global
	GlobalSection(SolutionConfigurationPlatforms) = preSolution
		Debug|Any CPU = Debug|Any CPU
		Release|Any CPU = Release|Any CPU
	EndGlobalSection
	GlobalSection(ProjectConfigurationPlatforms) = postSolution
		{CA194855-02BF-39C2-2EEE-08F5EF7ABFA7}.Debug|Any CPU.ActiveCfg = Debug|Any CPU
		{CA194855-02BF-39C2-2EEE-08F5EF7ABFA7}.Debug|Any CPU.Build.0 = Debug|Any CPU
		{CA194855-02BF-39C2-2EEE-08F5EF7ABFA7}.Release|Any CPU.ActiveCfg = Release|Any CPU
		{CA194855-02BF-39C2-2EEE-08F5EF7ABFA7}.Release|Any CPU.Build.0 = Release|Any CPU
		{CA194855-02BF-39C2-2EEE-08F5EF7ABFA7}.Debug|Any CPU.ActiveCfg = Debug|Any CPU
		{CA194855-02BF-39C2-2EEE-08F5EF7ABFA7}.Debug|Any CPU.Build.0 = Debug|Any CPU
		{CA194855-02BF-39C2-2EEE-08F5EF7ABFA7}.Release|Any CPU.ActiveCfg = Release|Any CPU
		{CA194855-02BF-39C2-2EEE-08F5EF7ABFA7}.Release|Any CPU.Build.0 = Release|Any CPU
		{CA194855-02BF-39C2-2EEE-08F5EF7ABFA7}.Debug|Any CPU.ActiveCfg = Debug|Any CPU
		{CA194855-02BF-39C2-2EEE-08F5EF7ABFA7}.Debug|Any CPU.Build.0 = Debug|Any CPU
		{CA194855-02BF-39C2-2EEE-08F5EF7ABFA7}.Release|Any CPU.ActiveCfg = Release|Any CPU
		{CA194855-02BF-39C2-2EEE-08F5EF7ABFA7}.Release|Any CPU.Build.0 = Release|Any CPU
		{CA194855-02BF-39C2-2EEE-08F5EF7ABFA7}.Debug|Any CPU.ActiveCfg = Debug|Any CPU
		{CA194855-02BF-39C2-2EEE-08F5EF7ABFA7}.Debug|Any CPU.Build.0 = Debug|Any CPU
		{CA194855-02BF-39C2-2EEE-08F5EF7ABFA7}.Release|Any CPU.ActiveCfg = Release|Any CPU
		{CA194855-02BF-39C2-2EEE-08F5EF7ABFA7}.Release|Any CPU.Build.0 = Release|Any CPU
		{CA194855-02BF-39C2-2EEE-08F5EF7ABFA7}.Debug|Any CPU.ActiveCfg = Debug|Any CPU
		{CA194855-02BF-39C2-2EEE-08F5EF7ABFA7}.Debug|Any CPU.Build.0 = Debug|Any CPU
		{CA194855-02BF-39C2-2EEE-08F5EF7ABFA7}.Release|Any CPU.ActiveCfg = Release|Any CPU
		{CA194855-02BF-39C2-2EEE-08F5EF7ABFA7}.Release|Any CPU.Build.0 = Release|Any CPU
		{CA194855-02BF-39C2-2EEE-08F5EF7ABFA7}.Debug|Any CPU.ActiveCfg = Debug|Any CPU
		{CA194855-02BF-39C2-2EEE-08F5EF7ABFA7}.Debug|Any CPU.Build.0 = Debug|Any CPU
		{CA194855-02BF-39C2-2EEE-08F5EF7ABFA7}.Release|Any CPU.ActiveCfg = Release|Any CPU
		{CA194855-02BF-39C2-2EEE-08F5EF7ABFA7}.Release|Any CPU.Build.0 = Release|Any CPU
		{0FC7E310-8276-75FB-F16F-8A663C7625CB}.Debug|Any CPU.ActiveCfg = Debug|Any CPU
		{0FC7E310-8276-75FB-F16F-8A663C7625CB}.Debug|Any CPU.Build.0 = Debug|Any CPU
		{0FC7E310-8276-75FB-F16F-8A663C7625CB}.Release|Any CPU.ActiveCfg = Release|Any CPU
		{0FC7E310-8276-75FB-F16F-8A663C7625CB}.Release|Any CPU.Build.0 = Release|Any CPU
		{0FC7E310-8276-75FB-F16F-8A663C7625CB}.Debug|Any CPU.ActiveCfg = Debug|Any CPU
		{0FC7E310-8276-75FB-F16F-8A663C7625CB}.Debug|Any CPU.Build.0 = Debug|Any CPU
		{0FC7E310-8276-75FB-F16F-8A663C7625CB}.Release|Any CPU.ActiveCfg = Release|Any CPU
		{0FC7E310-8276-75FB-F16F-8A663C7625CB}.Release|Any CPU.Build.0 = Release|Any CPU
		{0FC7E310-8276-75FB-F16F-8A663C7625CB}.Debug|Any CPU.ActiveCfg = Debug|Any CPU
		{0FC7E310-8276-75FB-F16F-8A663C7625CB}.Debug|Any CPU.Build.0 = Debug|Any CPU
		{0FC7E310-8276-75FB-F16F-8A663C7625CB}.Release|Any CPU.ActiveCfg = Release|Any CPU
		{0FC7E310-8276-75FB-F16F-8A663C7625CB}.Release|Any CPU.Build.0 = Release|Any CPU
		{0FC7E310-8276-75FB-F16F-8A663C7625CB}.Debug|Any CPU.ActiveCfg = Debug|Any CPU
		{0FC7E310-8276-75FB-F16F-8A663C7625CB}.Debug|Any CPU.Build.0 = Debug|Any CPU
		{0FC7E310-8276-75FB-F16F-8A663C7625CB}.Release|Any CPU.ActiveCfg = Release|Any CPU
		{0FC7E310-8276-75FB-F16F-8A663C7625CB}.Release|Any CPU.Build.0 = Release|Any CPU
	EndGlobalSection
	GlobalSection(SolutionProperties) = preSolution
		HideSolutionNode = FALSE
	EndGlobalSection
EndGlobal
